// !$*UTF8*$!
{
	archiveVersion = 1;
	classes = {
	};
	objectVersion = 56;
	objects = {

/* Begin PBXBuildFile section */
		1A3F83022973B3D100E208F5 /* Calculator.swift in Sources */ = {isa = PBXBuildFile; fileRef = 1A3F83012973B3D100E208F5 /* Calculator.swift */; };
		1A3F83042973B3EA00E208F5 /* ButtonType.swift in Sources */ = {isa = PBXBuildFile; fileRef = 1A3F83032973B3EA00E208F5 /* ButtonType.swift */; };
		1A3F83062973B3FE00E208F5 /* Digit.swift in Sources */ = {isa = PBXBuildFile; fileRef = 1A3F83052973B3FE00E208F5 /* Digit.swift */; };
		1A3F83082973B41500E208F5 /* ArithmeticOperation.swift in Sources */ = {isa = PBXBuildFile; fileRef = 1A3F83072973B41500E208F5 /* ArithmeticOperation.swift */; };
		1ADFAA89297316CC00585091 /* ViewModel.swift in Sources */ = {isa = PBXBuildFile; fileRef = 1ADFAA7A297316CB00585091 /* ViewModel.swift */; };
		1ADFAA8A297316CC00585091 /* CalculatorButtonStyle.swift in Sources */ = {isa = PBXBuildFile; fileRef = 1ADFAA7D297316CB00585091 /* CalculatorButtonStyle.swift */; };
		1ADFAA8B297316CC00585091 /* DetailButton.swift in Sources */ = {isa = PBXBuildFile; fileRef = 1ADFAA7F297316CB00585091 /* DetailButton.swift */; };
		1ADFAA8C297316CC00585091 /* CalculatorView.swift in Sources */ = {isa = PBXBuildFile; fileRef = 1ADFAA80297316CB00585091 /* CalculatorView.swift */; };
		1ADFAA8D297316CC00585091 /* Constants.swift in Sources */ = {isa = PBXBuildFile; fileRef = 1ADFAA82297316CB00585091 /* Constants.swift */; };
		1ADFAA8E297316CC00585091 /* Assets.xcassets in Resources */ = {isa = PBXBuildFile; fileRef = 1ADFAA83297316CB00585091 /* Assets.xcassets */; };
		1ADFAA8F297316CC00585091 /* CalculatorApp.swift in Sources */ = {isa = PBXBuildFile; fileRef = 1ADFAA84297316CB00585091 /* CalculatorApp.swift */; };
/* End PBXBuildFile section */

/* Begin PBXFileReference section */
		1A3F83012973B3D100E208F5 /* Calculator.swift */ = {isa = PBXFileReference; lastKnownFileType = sourcecode.swift; path = Calculator.swift; sourceTree = "<group>"; };
		1A3F83032973B3EA00E208F5 /* ButtonType.swift */ = {isa = PBXFileReference; lastKnownFileType = sourcecode.swift; path = ButtonType.swift; sourceTree = "<group>"; };
		1A3F83052973B3FE00E208F5 /* Digit.swift */ = {isa = PBXFileReference; lastKnownFileType = sourcecode.swift; path = Digit.swift; sourceTree = "<group>"; };
		1A3F83072973B41500E208F5 /* ArithmeticOperation.swift */ = {isa = PBXFileReference; lastKnownFileType = sourcecode.swift; path = ArithmeticOperation.swift; sourceTree = "<group>"; };
		1ADFA9EE2973141800585091 /* Calculator.app */ = {isa = PBXFileReference; explicitFileType = wrapper.application; includeInIndex = 0; path = Calculator.app; sourceTree = BUILT_PRODUCTS_DIR; };
		1ADFAA7A297316CB00585091 /* ViewModel.swift */ = {isa = PBXFileReference; fileEncoding = 4; lastKnownFileType = sourcecode.swift; path = ViewModel.swift; sourceTree = "<group>"; };
		1ADFAA7D297316CB00585091 /* CalculatorButtonStyle.swift */ = {isa = PBXFileReference; fileEncoding = 4; lastKnownFileType = sourcecode.swift; path = CalculatorButtonStyle.swift; sourceTree = "<group>"; };
		1ADFAA7F297316CB00585091 /* DetailButton.swift */ = {isa = PBXFileReference; fileEncoding = 4; lastKnownFileType = sourcecode.swift; path = DetailButton.swift; sourceTree = "<group>"; };
		1ADFAA80297316CB00585091 /* CalculatorView.swift */ = {isa = PBXFileReference; fileEncoding = 4; lastKnownFileType = sourcecode.swift; path = CalculatorView.swift; sourceTree = "<group>"; };
		1ADFAA82297316CB00585091 /* Constants.swift */ = {isa = PBXFileReference; fileEncoding = 4; lastKnownFileType = sourcecode.swift; path = Constants.swift; sourceTree = "<group>"; };
		1ADFAA83297316CB00585091 /* Assets.xcassets */ = {isa = PBXFileReference; lastKnownFileType = folder.assetcatalog; path = Assets.xcassets; sourceTree = "<group>"; };
		1ADFAA84297316CB00585091 /* CalculatorApp.swift */ = {isa = PBXFileReference; fileEncoding = 4; lastKnownFileType = sourcecode.swift; path = CalculatorApp.swift; sourceTree = "<group>"; };
/* End PBXFileReference section */

/* Begin PBXFrameworksBuildPhase section */
		1ADFA9EB2973141800585091 /* Frameworks */ = {
			isa = PBXFrameworksBuildPhase;
			buildActionMask = 2147483647;
			files = (
			);
			runOnlyForDeploymentPostprocessing = 0;
		};
/* End PBXFrameworksBuildPhase section */

/* Begin PBXGroup section */
		1A3F83002973B3C100E208F5 /* Model */ = {
			isa = PBXGroup;
			children = (
				1A3F83012973B3D100E208F5 /* Calculator.swift */,
				1A3F83032973B3EA00E208F5 /* ButtonType.swift */,
				1A3F83052973B3FE00E208F5 /* Digit.swift */,
				1A3F83072973B41500E208F5 /* ArithmeticOperation.swift */,
			);
			path = Model;
			sourceTree = "<group>";
		};
		1ADFA9E52973141800585091 = {
			isa = PBXGroup;
			children = (
				1ADFA9F02973141800585091 /* Calculator */,
				1ADFA9EF2973141800585091 /* Products */,
			);
			sourceTree = "<group>";
		};
		1ADFA9EF2973141800585091 /* Products */ = {
			isa = PBXGroup;
			children = (
				1ADFA9EE2973141800585091 /* Calculator.app */,
			);
			name = Products;
			sourceTree = "<group>";
		};
		1ADFA9F02973141800585091 /* Calculator */ = {
			isa = PBXGroup;
			children = (
				1ADFAA81297316CB00585091 /* Application */,
				1A3F83002973B3C100E208F5 /* Model */,
				1ADFAA7B297316CB00585091 /* View */,
				1ADFAA79297316CB00585091 /* ViewModel */,
			);
			path = Calculator;
			sourceTree = "<group>";
		};
		1ADFAA79297316CB00585091 /* ViewModel */ = {
			isa = PBXGroup;
			children = (
				1ADFAA7A297316CB00585091 /* ViewModel.swift */,
			);
			path = ViewModel;
			sourceTree = "<group>";
		};
		1ADFAA7B297316CB00585091 /* View */ = {
			isa = PBXGroup;
			children = (
				1ADFAA80297316CB00585091 /* CalculatorView.swift */,
				1ADFAA7C297316CB00585091 /* Style */,
				1ADFAA7E297316CB00585091 /* Components */,
			);
			path = View;
			sourceTree = "<group>";
		};
		1ADFAA7C297316CB00585091 /* Style */ = {
			isa = PBXGroup;
			children = (
				1ADFAA7D297316CB00585091 /* CalculatorButtonStyle.swift */,
			);
			path = Style;
			sourceTree = "<group>";
		};
		1ADFAA7E297316CB00585091 /* Components */ = {
			isa = PBXGroup;
			children = (
				1ADFAA7F297316CB00585091 /* DetailButton.swift */,
			);
			path = Components;
			sourceTree = "<group>";
		};
		1ADFAA81297316CB00585091 /* Application */ = {
			isa = PBXGroup;
			children = (
				1ADFAA83297316CB00585091 /* Assets.xcassets */,
				1ADFAA82297316CB00585091 /* Constants.swift */,
				1ADFAA84297316CB00585091 /* CalculatorApp.swift */,
			);
			path = Application;
			sourceTree = "<group>";
		};
/* End PBXGroup section */

/* Begin PBXNativeTarget section */
		1ADFA9ED2973141800585091 /* Calculator */ = {
			isa = PBXNativeTarget;
			buildConfigurationList = 1ADFA9FC2973141A00585091 /* Build configuration list for PBXNativeTarget "Calculator" */;
			buildPhases = (
				1ADFA9EA2973141800585091 /* Sources */,
				1ADFA9EB2973141800585091 /* Frameworks */,
				1ADFA9EC2973141800585091 /* Resources */,
			);
			buildRules = (
			);
			dependencies = (
			);
			name = Calculator;
			productName = Calculator;
			productReference = 1ADFA9EE2973141800585091 /* Calculator.app */;
			productType = "com.apple.product-type.application";
		};
/* End PBXNativeTarget section */

/* Begin PBXProject section */
		1ADFA9E62973141800585091 /* Project object */ = {
			isa = PBXProject;
			attributes = {
				BuildIndependentTargetsInParallel = 1;
				LastSwiftUpdateCheck = 1420;
				LastUpgradeCheck = 1420;
				TargetAttributes = {
					1ADFA9ED2973141800585091 = {
						CreatedOnToolsVersion = 14.2;
					};
				};
			};
			buildConfigurationList = 1ADFA9E92973141800585091 /* Build configuration list for PBXProject "Calculator" */;
			compatibilityVersion = "Xcode 14.0";
			developmentRegion = en;
			hasScannedForEncodings = 0;
			knownRegions = (
				en,
				Base,
			);
			mainGroup = 1ADFA9E52973141800585091;
			productRefGroup = 1ADFA9EF2973141800585091 /* Products */;
			projectDirPath = "";
			projectRoot = "";
			targets = (
				1ADFA9ED2973141800585091 /* Calculator */,
			);
		};
/* End PBXProject section */

/* Begin PBXResourcesBuildPhase section */
		1ADFA9EC2973141800585091 /* Resources */ = {
			isa = PBXResourcesBuildPhase;
			buildActionMask = 2147483647;
			files = (
				1ADFAA8E297316CC00585091 /* Assets.xcassets in Resources */,
			);
			runOnlyForDeploymentPostprocessing = 0;
		};
/* End PBXResourcesBuildPhase section */

/* Begin PBXSourcesBuildPhase section */
		1ADFA9EA2973141800585091 /* Sources */ = {
			isa = PBXSourcesBuildPhase;
			buildActionMask = 2147483647;
			files = (
				1ADFAA8B297316CC00585091 /* DetailButton.swift in Sources */,
				1A3F83042973B3EA00E208F5 /* ButtonType.swift in Sources */,
				1A3F83022973B3D100E208F5 /* Calculator.swift in Sources */,
				1A3F83082973B41500E208F5 /* ArithmeticOperation.swift in Sources */,
				1ADFAA89297316CC00585091 /* ViewModel.swift in Sources */,
				1A3F83062973B3FE00E208F5 /* Digit.swift in Sources */,
				1ADFAA8C297316CC00585091 /* CalculatorView.swift in Sources */,
				1ADFAA8A297316CC00585091 /* CalculatorButtonStyle.swift in Sources */,
				1ADFAA8F297316CC00585091 /* CalculatorApp.swift in Sources */,
				1ADFAA8D297316CC00585091 /* Constants.swift in Sources */,
			);
			runOnlyForDeploymentPostprocessing = 0;
		};
/* End PBXSourcesBuildPhase section */

/* Begin XCBuildConfiguration section */
		1ADFA9FA2973141A00585091 /* Debug */ = {
			isa = XCBuildConfiguration;
			buildSettings = {
				ALWAYS_SEARCH_USER_PATHS = NO;
				CLANG_ANALYZER_NONNULL = YES;
				CLANG_ANALYZER_NUMBER_OBJECT_CONVERSION = YES_AGGRESSIVE;
				CLANG_CXX_LANGUAGE_STANDARD = "gnu++20";
				CLANG_ENABLE_MODULES = YES;
				CLANG_ENABLE_OBJC_ARC = YES;
				CLANG_ENABLE_OBJC_WEAK = YES;
				CLANG_WARN_BLOCK_CAPTURE_AUTORELEASING = YES;
				CLANG_WARN_BOOL_CONVERSION = YES;
				CLANG_WARN_COMMA = YES;
				CLANG_WARN_CONSTANT_CONVERSION = YES;
				CLANG_WARN_DEPRECATED_OBJC_IMPLEMENTATIONS = YES;
				CLANG_WARN_DIRECT_OBJC_ISA_USAGE = YES_ERROR;
				CLANG_WARN_DOCUMENTATION_COMMENTS = YES;
				CLANG_WARN_EMPTY_BODY = YES;
				CLANG_WARN_ENUM_CONVERSION = YES;
				CLANG_WARN_INFINITE_RECURSION = YES;
				CLANG_WARN_INT_CONVERSION = YES;
				CLANG_WARN_NON_LITERAL_NULL_CONVERSION = YES;
				CLANG_WARN_OBJC_IMPLICIT_RETAIN_SELF = YES;
				CLANG_WARN_OBJC_LITERAL_CONVERSION = YES;
				CLANG_WARN_OBJC_ROOT_CLASS = YES_ERROR;
				CLANG_WARN_QUOTED_INCLUDE_IN_FRAMEWORK_HEADER = YES;
				CLANG_WARN_RANGE_LOOP_ANALYSIS = YES;
				CLANG_WARN_STRICT_PROTOTYPES = YES;
				CLANG_WARN_SUSPICIOUS_MOVE = YES;
				CLANG_WARN_UNGUARDED_AVAILABILITY = YES_AGGRESSIVE;
				CLANG_WARN_UNREACHABLE_CODE = YES;
				CLANG_WARN__DUPLICATE_METHOD_MATCH = YES;
				COPY_PHASE_STRIP = NO;
				DEBUG_INFORMATION_FORMAT = dwarf;
				ENABLE_STRICT_OBJC_MSGSEND = YES;
				ENABLE_TESTABILITY = YES;
				GCC_C_LANGUAGE_STANDARD = gnu11;
				GCC_DYNAMIC_NO_PIC = NO;
				GCC_NO_COMMON_BLOCKS = YES;
				GCC_OPTIMIZATION_LEVEL = 0;
				GCC_PREPROCESSOR_DEFINITIONS = (
					"DEBUG=1",
					"$(inherited)",
				);
				GCC_WARN_64_TO_32_BIT_CONVERSION = YES;
				GCC_WARN_ABOUT_RETURN_TYPE = YES_ERROR;
				GCC_WARN_UNDECLARED_SELECTOR = YES;
				GCC_WARN_UNINITIALIZED_AUTOS = YES_AGGRESSIVE;
				GCC_WARN_UNUSED_FUNCTION = YES;
				GCC_WARN_UNUSED_VARIABLE = YES;
				IPHONEOS_DEPLOYMENT_TARGET = 16.2;
				MTL_ENABLE_DEBUG_INFO = INCLUDE_SOURCE;
				MTL_FAST_MATH = YES;
				ONLY_ACTIVE_ARCH = YES;
				SDKROOT = iphoneos;
				SWIFT_ACTIVE_COMPILATION_CONDITIONS = DEBUG;
				SWIFT_OPTIMIZATION_LEVEL = "-Onone";
			};
			name = Debug;
		};
		1ADFA9FB2973141A00585091 /* Release */ = {
			isa = XCBuildConfiguration;
			buildSettings = {
				ALWAYS_SEARCH_USER_PATHS = NO;
				CLANG_ANALYZER_NONNULL = YES;
				CLANG_ANALYZER_NUMBER_OBJECT_CONVERSION = YES_AGGRESSIVE;
				CLANG_CXX_LANGUAGE_STANDARD = "gnu++20";
				CLANG_ENABLE_MODULES = YES;
				CLANG_ENABLE_OBJC_ARC = YES;
				CLANG_ENABLE_OBJC_WEAK = YES;
				CLANG_WARN_BLOCK_CAPTURE_AUTORELEASING = YES;
				CLANG_WARN_BOOL_CONVERSION = YES;
				CLANG_WARN_COMMA = YES;
				CLANG_WARN_CONSTANT_CONVERSION = YES;
				CLANG_WARN_DEPRECATED_OBJC_IMPLEMENTATIONS = YES;
				CLANG_WARN_DIRECT_OBJC_ISA_USAGE = YES_ERROR;
				CLANG_WARN_DOCUMENTATION_COMMENTS = YES;
				CLANG_WARN_EMPTY_BODY = YES;
				CLANG_WARN_ENUM_CONVERSION = YES;
				CLANG_WARN_INFINITE_RECURSION = YES;
				CLANG_WARN_INT_CONVERSION = YES;
				CLANG_WARN_NON_LITERAL_NULL_CONVERSION = YES;
				CLANG_WARN_OBJC_IMPLICIT_RETAIN_SELF = YES;
				CLANG_WARN_OBJC_LITERAL_CONVERSION = YES;
				CLANG_WARN_OBJC_ROOT_CLASS = YES_ERROR;
				CLANG_WARN_QUOTED_INCLUDE_IN_FRAMEWORK_HEADER = YES;
				CLANG_WARN_RANGE_LOOP_ANALYSIS = YES;
				CLANG_WARN_STRICT_PROTOTYPES = YES;
				CLANG_WARN_SUSPICIOUS_MOVE = YES;
				CLANG_WARN_UNGUARDED_AVAILABILITY = YES_AGGRESSIVE;
				CLANG_WARN_UNREACHABLE_CODE = YES;
				CLANG_WARN__DUPLICATE_METHOD_MATCH = YES;
				COPY_PHASE_STRIP = NO;
				DEBUG_INFORMATION_FORMAT = "dwarf-with-dsym";
				ENABLE_NS_ASSERTIONS = NO;
				ENABLE_STRICT_OBJC_MSGSEND = YES;
				GCC_C_LANGUAGE_STANDARD = gnu11;
				GCC_NO_COMMON_BLOCKS = YES;
				GCC_WARN_64_TO_32_BIT_CONVERSION = YES;
				GCC_WARN_ABOUT_RETURN_TYPE = YES_ERROR;
				GCC_WARN_UNDECLARED_SELECTOR = YES;
				GCC_WARN_UNINITIALIZED_AUTOS = YES_AGGRESSIVE;
				GCC_WARN_UNUSED_FUNCTION = YES;
				GCC_WARN_UNUSED_VARIABLE = YES;
				IPHONEOS_DEPLOYMENT_TARGET = 16.2;
				MTL_ENABLE_DEBUG_INFO = NO;
				MTL_FAST_MATH = YES;
				SDKROOT = iphoneos;
				SWIFT_COMPILATION_MODE = wholemodule;
				SWIFT_OPTIMIZATION_LEVEL = "-O";
				VALIDATE_PRODUCT = YES;
			};
			name = Release;
		};
		1ADFA9FD2973141A00585091 /* Debug */ = {
			isa = XCBuildConfiguration;
			buildSettings = {
				ASSETCATALOG_COMPILER_APPICON_NAME = AppIcon;
				ASSETCATALOG_COMPILER_GLOBAL_ACCENT_COLOR_NAME = AccentColor;
				CODE_SIGN_STYLE = Automatic;
				CURRENT_PROJECT_VERSION = 1;
				DEVELOPMENT_ASSET_PATHS = "";
				DEVELOPMENT_TEAM = "";
				ENABLE_PREVIEWS = YES;
				GENERATE_INFOPLIST_FILE = YES;
				INFOPLIST_KEY_UIApplicationSceneManifest_Generation = YES;
				INFOPLIST_KEY_UIApplicationSupportsIndirectInputEvents = YES;
				INFOPLIST_KEY_UILaunchScreen_Generation = YES;
				INFOPLIST_KEY_UISupportedInterfaceOrientations = UIInterfaceOrientationPortrait;
				INFOPLIST_KEY_UISupportedInterfaceOrientations_iPad = "UIInterfaceOrientationLandscapeLeft UIInterfaceOrientationLandscapeRight UIInterfaceOrientationPortrait UIInterfaceOrientationPortraitUpsideDown";
				LD_RUNPATH_SEARCH_PATHS = (
					"$(inherited)",
					"@executable_path/Frameworks",
				);
				MARKETING_VERSION = 1.0;
				PRODUCT_BUNDLE_IDENTIFIER = com.qwoti.Calculator;
				PRODUCT_NAME = "$(TARGET_NAME)";
				SUPPORTED_PLATFORMS = "iphoneos iphonesimulator";
				SUPPORTS_MACCATALYST = NO;
				SUPPORTS_MAC_DESIGNED_FOR_IPHONE_IPAD = NO;
				SWIFT_EMIT_LOC_STRINGS = YES;
				SWIFT_VERSION = 5.0;
				TARGETED_DEVICE_FAMILY = "1,2";
			};
			name = Debug;
		};
		1ADFA9FE2973141A00585091 /* Release */ = {
			isa = XCBuildConfiguration;
			buildSettings = {
				ASSETCATALOG_COMPILER_APPICON_NAME = AppIcon;
				ASSETCATALOG_COMPILER_GLOBAL_ACCENT_COLOR_NAME = AccentColor;
				CODE_SIGN_STYLE = Automatic;
				CURRENT_PROJECT_VERSION = 1;
				DEVELOPMENT_ASSET_PATHS = "";
				DEVELOPMENT_TEAM = "";
				ENABLE_PREVIEWS = YES;
				GENERATE_INFOPLIST_FILE = YES;
				INFOPLIST_KEY_UIApplicationSceneManifest_Generation = YES;
				INFOPLIST_KEY_UIApplicationSupportsIndirectInputEvents = YES;
				INFOPLIST_KEY_UILaunchScreen_Generation = YES;
				INFOPLIST_KEY_UISupportedInterfaceOrientations = UIInterfaceOrientationPortrait;
				INFOPLIST_KEY_UISupportedInterfaceOrientations_iPad = "UIInterfaceOrientationLandscapeLeft UIInterfaceOrientationLandscapeRight UIInterfaceOrientationPortrait UIInterfaceOrientationPortraitUpsideDown";
				LD_RUNPATH_SEARCH_PATHS = (
					"$(inherited)",
					"@executable_path/Frameworks",
				);
				MARKETING_VERSION = 1.0;
				PRODUCT_BUNDLE_IDENTIFIER = com.qwoti.Calculator;
				PRODUCT_NAME = "$(TARGET_NAME)";
				SUPPORTED_PLATFORMS = "iphoneos iphonesimulator";
				SUPPORTS_MACCATALYST = NO;
				SUPPORTS_MAC_DESIGNED_FOR_IPHONE_IPAD = NO;
				SWIFT_EMIT_LOC_STRINGS = YES;
				SWIFT_VERSION = 5.0;
				TARGETED_DEVICE_FAMILY = "1,2";
			};
			name = Release;
		};
/* End XCBuildConfiguration section */

/* Begin XCConfigurationList section */
		1ADFA9E92973141800585091 /* Build configuration list for PBXProject "Calculator" */ = {
			isa = XCConfigurationList;
			buildConfigurations = (
				1ADFA9FA2973141A00585091 /* Debug */,
				1ADFA9FB2973141A00585091 /* Release */,
			);
			defaultConfigurationIsVisible = 0;
			defaultConfigurationName = Release;
		};
		1ADFA9FC2973141A00585091 /* Build configuration list for PBXNativeTarget "Calculator" */ = {
			isa = XCConfigurationList;
			buildConfigurations = (
				1ADFA9FD2973141A00585091 /* Debug */,
				1ADFA9FE2973141A00585091 /* Release */,
			);
			defaultConfigurationIsVisible = 0;
			defaultConfigurationName = Release;
		};
/* End XCConfigurationList section */
	};
	rootObject = 1ADFA9E62973141800585091 /* Project object */;
}
